
Microsoft Visual Studio Solution File, Format Version 12.00
Project("{2150E333-8FDC-42A3-9474-1A3956D46DE8}") = "day1", "day1", "{1A9768AB-E85A-432D-A160-F53E4CCFC6BD}"
EndProject
Project("{FAE04EC0-301F-11D3-BF4B-00C04F79EFBC}") = "Arrays", "Arrays\Arrays.csproj", "{15FFD5BC-C323-4C7A-94E6-C5FEBAC5F92B}"
EndProject
Project("{FAE04EC0-301F-11D3-BF4B-00C04F79EFBC}") = "PatterOne", "PatterOne\PatterOne.csproj", "{7F872645-1FDE-4BA7-A08F-072361ECFE21}"
EndProject
Project("{FAE04EC0-301F-11D3-BF4B-00C04F79EFBC}") = "PatterTwo", "PatterTwo\PatterTwo.csproj", "{D0E87B49-636B-4C31-A0AC-E272BFC6C9A0}"
EndProject
Project("{FAE04EC0-301F-11D3-BF4B-00C04F79EFBC}") = "PatterThree", "PatterThree\PatterThree.csproj", "{952F03F6-AE90-48BF-9ADE-29358C87500A}"
EndProject
Project("{FAE04EC0-301F-11D3-BF4B-00C04F79EFBC}") = "PatterFour", "PatterFour\PatterFour.csproj", "{95B1D04F-3B32-4F0D-AC68-79CCD1843FF0}"
EndProject
Project("{FAE04EC0-301F-11D3-BF4B-00C04F79EFBC}") = "PatternFive", "PatternFive\PatternFive.csproj", "{87979592-BBBC-41FF-B3EC-63FB46C8BA0F}"
EndProject
Project("{FAE04EC0-301F-11D3-BF4B-00C04F79EFBC}") = "PatterSix", "PatterSix\PatterSix.csproj", "{29723BE8-7793-4530-8805-E42262B7BECD}"
EndProject
Project("{2150E333-8FDC-42A3-9474-1A3956D46DE8}") = "day2", "day2", "{BFD3C908-5107-413A-9300-67D3365DC038}"
EndProject
Project("{FAE04EC0-301F-11D3-BF4B-00C04F79EFBC}") = "ArraySimple", "ArraySimple\ArraySimple.csproj", "{1CE1CC1A-DC06-4EB2-B8E2-276BEFB889A3}"
EndProject
Project("{FAE04EC0-301F-11D3-BF4B-00C04F79EFBC}") = "array02", "array02\array02.csproj", "{78145CB8-87F7-4A3B-90FD-715FED900219}"
EndProject
Project("{FAE04EC0-301F-11D3-BF4B-00C04F79EFBC}") = "array03", "array03\array03.csproj", "{428BA95E-3454-4DA7-A512-227AFE0DFAC8}"
EndProject
Project("{FAE04EC0-301F-11D3-BF4B-00C04F79EFBC}") = "array04", "array04\array04.csproj", "{0D0678D9-8D0C-4255-ACC8-2EC4AB71D221}"
EndProject
Project("{FAE04EC0-301F-11D3-BF4B-00C04F79EFBC}") = "array05", "array05\array05.csproj", "{EFEE4BCC-678D-4B74-91C2-4D8D47A1CBFD}"
EndProject
Project("{2150E333-8FDC-42A3-9474-1A3956D46DE8}") = "day3", "day3", "{50B78F62-8A7F-49E1-9B10-3778A09ED45A}"
EndProject
Project("{FAE04EC0-301F-11D3-BF4B-00C04F79EFBC}") = "2dArr", "2dArr\2dArr.csproj", "{9C39C086-59FE-4C21-904D-481EE16C574E}"
EndProject
Project("{FAE04EC0-301F-11D3-BF4B-00C04F79EFBC}") = "2dArr01", "2dArr01\2dArr01.csproj", "{11389E85-A59E-47AB-B505-2C4D13FA116D}"
EndProject
Project("{FAE04EC0-301F-11D3-BF4B-00C04F79EFBC}") = "2dArr02", "2dArr02\2dArr02.csproj", "{3105BDB6-3A86-42AE-A423-084C2EF4942F}"
EndProject
Project("{FAE04EC0-301F-11D3-BF4B-00C04F79EFBC}") = "2dArr03", "2dArr03\2dArr03.csproj", "{752803D8-3CE0-43DB-A27D-99D07624180C}"
EndProject
Project("{FAE04EC0-301F-11D3-BF4B-00C04F79EFBC}") = "2dArr05", "2dArr05\2dArr05.csproj", "{070C9404-6692-414D-BC1C-AE73003E4215}"
EndProject
Project("{2150E333-8FDC-42A3-9474-1A3956D46DE8}") = "day4", "day4", "{3777B3E0-6C50-4FA2-BA1B-4142437E2C5A}"
EndProject
Project("{FAE04EC0-301F-11D3-BF4B-00C04F79EFBC}") = "MethodenBsp", "MethodenBsp\MethodenBsp.csproj", "{B8BE683C-02FE-46DA-9BEF-1422A596B852}"
EndProject
Project("{FAE04EC0-301F-11D3-BF4B-00C04F79EFBC}") = "TemperaturUmrechner", "TemperaturUmrechner\TemperaturUmrechner.csproj", "{40A4A53C-0DA8-4F7F-BDFE-14026F662B99}"
EndProject
Project("{FAE04EC0-301F-11D3-BF4B-00C04F79EFBC}") = "BubbleSort", "BubbleSort\BubbleSort.csproj", "{9CD118B4-1D39-4A14-8969-FB5E63E6FC86}"
EndProject
Project("{FAE04EC0-301F-11D3-BF4B-00C04F79EFBC}") = "SpaceInvaders", "SpaceInvaders\SpaceInvaders.csproj", "{0D2ACE83-8BDD-4928-B8B9-44317E5E9D43}"
EndProject
Project("{FAE04EC0-301F-11D3-BF4B-00C04F79EFBC}") = "BubbleSort1", "BubbleSort1\BubbleSort1.csproj", "{68633F8F-C78C-43E8-8720-A754AF01D497}"
EndProject
Project("{FAE04EC0-301F-11D3-BF4B-00C04F79EFBC}") = "Buecherverwaltung", "Buecherverwaltung\Buecherverwaltung.csproj", "{EFDE2F5C-234E-4EFC-8BD9-0E97B757C73E}"
EndProject
Project("{FAE04EC0-301F-11D3-BF4B-00C04F79EFBC}") = "DerZskRechner", "DerZskRechner\DerZskRechner.csproj", "{49991327-ACC1-49E0-A7EA-3A8C510E53C3}"
EndProject
Project("{FAE04EC0-301F-11D3-BF4B-00C04F79EFBC}") = "Komprimierung", "Komprimierung\Komprimierung.csproj", "{67E8EE48-5998-48D6-8BDF-5EDA721113F4}"
EndProject
Project("{2150E333-8FDC-42A3-9474-1A3956D46DE8}") = "day5", "day5", "{B8EC71D8-DEAD-4382-AE0B-A205149F3F14}"
EndProject
Project("{2150E333-8FDC-42A3-9474-1A3956D46DE8}") = "FantasyGame", "FantasyGame", "{5DFBFA5A-32BE-418C-ADDF-B8175E1C410E}"
EndProject
Project("{FAE04EC0-301F-11D3-BF4B-00C04F79EFBC}") = "Fantasygame", "Fantasygame\Fantasygame.csproj", "{67A92D3D-C9A1-4DA5-9A42-16D2BD3AFB9D}"
EndProject
Project("{2150E333-8FDC-42A3-9474-1A3956D46DE8}") = "day7", "day7", "{FCABC0ED-A631-4B48-9001-DAFCC6F81196}"
EndProject
Project("{FAE04EC0-301F-11D3-BF4B-00C04F79EFBC}") = "classLearn", "classLearn\classLearn.csproj", "{B1AF07E0-2FF4-4B4A-ADC5-6BEB77076350}"
EndProject
Project("{FAE04EC0-301F-11D3-BF4B-00C04F79EFBC}") = "Papier", "Papier\Papier.csproj", "{39BC95B5-92DB-4ABC-9F6C-15DB26DF92FE}"
EndProject
Project("{FAE04EC0-301F-11D3-BF4B-00C04F79EFBC}") = "Fernesehgerät", "Fernesehgerät\Fernesehgerät.csproj", "{2FA7FB30-387F-4A48-ABB0-1800C4A86371}"
EndProject
Project("{FAE04EC0-301F-11D3-BF4B-00C04F79EFBC}") = "Punktesystem", "Punktesystem\Punktesystem.csproj", "{FEF92B36-69D8-4932-ACCA-BB9E1358063B}"
EndProject
Project("{2150E333-8FDC-42A3-9474-1A3956D46DE8}") = "day9", "day9", "{B769B924-65D9-4CCD-9CB3-08BF650B8F88}"
EndProject
Project("{FAE04EC0-301F-11D3-BF4B-00C04F79EFBC}") = "DigitaleSppardose", "DigitaleSppardose\DigitaleSppardose.csproj", "{62F8EA39-4EED-4B4C-9FEA-D97446F59576}"
EndProject
Project("{FAE04EC0-301F-11D3-BF4B-00C04F79EFBC}") = "Spielautomat", "Spielautomat\Spielautomat.csproj", "{CC1A49E0-2E1B-4AE9-8DF7-B539237ADA9D}"
EndProject
Project("{2150E333-8FDC-42A3-9474-1A3956D46DE8}") = "day10", "day10", "{7DB2FF78-33CE-4E88-BB08-2FC7057CF921}"
EndProject
Project("{FAE04EC0-301F-11D3-BF4B-00C04F79EFBC}") = "Spielkader", "Spielkader\Spielkader.csproj", "{57AE9448-7C0F-48E7-AE98-97B11043043A}"
EndProject
Project("{FAE04EC0-301F-11D3-BF4B-00C04F79EFBC}") = "HighTechKuehlschrank", "HighTechKuehlschrank\HighTechKuehlschrank.csproj", "{EE7EB58E-A9BB-46BB-9F79-2AFB9B3961C6}"
EndProject
Project("{FAE04EC0-301F-11D3-BF4B-00C04F79EFBC}") = "day17", "day17\day17.csproj", "{7E163CC7-3CF8-4BE0-987C-E02EA028D94B}"
EndProject
Project("{2150E333-8FDC-42A3-9474-1A3956D46DE8}") = "day17", "day17", "{E4D591B1-9309-40F6-BA76-1233E338235B}"
EndProject
Project("{FAE04EC0-301F-11D3-BF4B-00C04F79EFBC}") = "ZooBesucher", "ZooBesucher\ZooBesucher.csproj", "{94258AA0-84D1-4DC0-A986-242C536263F8}"
EndProject
Project("{FAE04EC0-301F-11D3-BF4B-00C04F79EFBC}") = "FlintStones", "FlintStones\FlintStones.csproj", "{74EF6D5F-18A3-4031-8061-71C3DCDCC9B6}"
EndProject
Project("{2150E333-8FDC-42A3-9474-1A3956D46DE8}") = "day18", "day18", "{648F3E85-DDE0-406B-974F-D35F8262640D}"
EndProject
Project("{FAE04EC0-301F-11D3-BF4B-00C04F79EFBC}") = "Simpsons", "Simpsons\Simpsons.csproj", "{21E6E239-D0C1-4A8B-A1B1-5C5B7F648FC1}"
EndProject
Project("{2150E333-8FDC-42A3-9474-1A3956D46DE8}") = "day21", "day21", "{6142D152-8F42-49F4-B2CF-15D69ED7A0B6}"
EndProject
Project("{FAE04EC0-301F-11D3-BF4B-00C04F79EFBC}") = "Verdecken_überschreiben", "Verdecken_überschreiben\Verdecken_überschreiben.csproj", "{DAA497B7-F3FD-4A68-9DDD-293DFC11F37A}"
EndProject
Project("{FAE04EC0-301F-11D3-BF4B-00C04F79EFBC}") = "Überschreiben", "Überschreiben\Überschreiben.csproj", "{04BF33C0-3FB7-4DDE-BF5B-E69165681289}"
EndProject
Project("{FAE04EC0-301F-11D3-BF4B-00C04F79EFBC}") = "Immobilien", "Immobilien\Immobilien.csproj", "{76F6E072-044B-4041-BC5E-4FA8864849A9}"
EndProject
Project("{FAE04EC0-301F-11D3-BF4B-00C04F79EFBC}") = "Geheimgesellschaft", "Geheimgesellschaft\Geheimgesellschaft.csproj", "{F9E1E04C-2C69-46DC-B3FF-A9A54D608567}"
EndProject
Project("{FAE04EC0-301F-11D3-BF4B-00C04F79EFBC}") = "Warenkorb", "Warenkorb\Warenkorb.csproj", "{99016B15-204C-480A-A18A-A5EBB5356920}"
EndProject
Project("{2150E333-8FDC-42A3-9474-1A3956D46DE8}") = "day22", "day22", "{8B31CB9B-9204-4F7D-8945-538015A58BFC}"
EndProject
Project("{FAE04EC0-301F-11D3-BF4B-00C04F79EFBC}") = "BuildAbstract", "BuildAbstract\BuildAbstract.csproj", "{D2888985-4144-4343-91A0-041736B7B584}"
EndProject
Project("{FAE04EC0-301F-11D3-BF4B-00C04F79EFBC}") = "MusicPlayer", "MusicPlayer\MusicPlayer.csproj", "{1207C776-1AFE-4775-B3E5-1B41B152960C}"
EndProject
Project("{FAE04EC0-301F-11D3-BF4B-00C04F79EFBC}") = "FahrtenbuchOrga", "FahrtenbuchOrga\FahrtenbuchOrga.csproj", "{6A120257-3E4F-4A9A-A253-3B380509552E}"
EndProject
Project("{2150E333-8FDC-42A3-9474-1A3956D46DE8}") = "day23", "day23", "{850740C1-C98B-4A8C-B428-A5FEDCC043B4}"
EndProject
Project("{FAE04EC0-301F-11D3-BF4B-00C04F79EFBC}") = "Interfaces", "Interfaces\Interfaces.csproj", "{7CBF7C22-030B-46F0-AC29-CE08B21ADB75}"
EndProject
Project("{FAE04EC0-301F-11D3-BF4B-00C04F79EFBC}") = "Pizza", "Pizza\Pizza.csproj", "{4E8E4B42-D71F-42EE-AAAB-84338ED9AACB}"
EndProject
Project("{FAE04EC0-301F-11D3-BF4B-00C04F79EFBC}") = "Zelda", "Zelda\Zelda.csproj", "{1BA0D0B1-FD1A-4AD1-8413-BDDE67430DF3}"
EndProject
Project("{FAE04EC0-301F-11D3-BF4B-00C04F79EFBC}") = "Musikinstrumente", "Musikinstrumente\Musikinstrumente.csproj", "{7745F05A-773B-4150-9021-8ECE145860F4}"
EndProject
Global
	GlobalSection(SolutionConfigurationPlatforms) = preSolution
		Debug|Any CPU = Debug|Any CPU
		Release|Any CPU = Release|Any CPU
	EndGlobalSection
	GlobalSection(ProjectConfigurationPlatforms) = postSolution
		{15FFD5BC-C323-4C7A-94E6-C5FEBAC5F92B}.Debug|Any CPU.ActiveCfg = Debug|Any CPU
		{15FFD5BC-C323-4C7A-94E6-C5FEBAC5F92B}.Debug|Any CPU.Build.0 = Debug|Any CPU
		{15FFD5BC-C323-4C7A-94E6-C5FEBAC5F92B}.Release|Any CPU.ActiveCfg = Release|Any CPU
		{15FFD5BC-C323-4C7A-94E6-C5FEBAC5F92B}.Release|Any CPU.Build.0 = Release|Any CPU
		{7F872645-1FDE-4BA7-A08F-072361ECFE21}.Debug|Any CPU.ActiveCfg = Debug|Any CPU
		{7F872645-1FDE-4BA7-A08F-072361ECFE21}.Debug|Any CPU.Build.0 = Debug|Any CPU
		{7F872645-1FDE-4BA7-A08F-072361ECFE21}.Release|Any CPU.ActiveCfg = Release|Any CPU
		{7F872645-1FDE-4BA7-A08F-072361ECFE21}.Release|Any CPU.Build.0 = Release|Any CPU
		{D0E87B49-636B-4C31-A0AC-E272BFC6C9A0}.Debug|Any CPU.ActiveCfg = Debug|Any CPU
		{D0E87B49-636B-4C31-A0AC-E272BFC6C9A0}.Debug|Any CPU.Build.0 = Debug|Any CPU
		{D0E87B49-636B-4C31-A0AC-E272BFC6C9A0}.Release|Any CPU.ActiveCfg = Release|Any CPU
		{D0E87B49-636B-4C31-A0AC-E272BFC6C9A0}.Release|Any CPU.Build.0 = Release|Any CPU
		{952F03F6-AE90-48BF-9ADE-29358C87500A}.Debug|Any CPU.ActiveCfg = Debug|Any CPU
		{952F03F6-AE90-48BF-9ADE-29358C87500A}.Debug|Any CPU.Build.0 = Debug|Any CPU
		{952F03F6-AE90-48BF-9ADE-29358C87500A}.Release|Any CPU.ActiveCfg = Release|Any CPU
		{952F03F6-AE90-48BF-9ADE-29358C87500A}.Release|Any CPU.Build.0 = Release|Any CPU
		{95B1D04F-3B32-4F0D-AC68-79CCD1843FF0}.Debug|Any CPU.ActiveCfg = Debug|Any CPU
		{95B1D04F-3B32-4F0D-AC68-79CCD1843FF0}.Debug|Any CPU.Build.0 = Debug|Any CPU
		{95B1D04F-3B32-4F0D-AC68-79CCD1843FF0}.Release|Any CPU.ActiveCfg = Release|Any CPU
		{95B1D04F-3B32-4F0D-AC68-79CCD1843FF0}.Release|Any CPU.Build.0 = Release|Any CPU
		{87979592-BBBC-41FF-B3EC-63FB46C8BA0F}.Debug|Any CPU.ActiveCfg = Debug|Any CPU
		{87979592-BBBC-41FF-B3EC-63FB46C8BA0F}.Debug|Any CPU.Build.0 = Debug|Any CPU
		{87979592-BBBC-41FF-B3EC-63FB46C8BA0F}.Release|Any CPU.ActiveCfg = Release|Any CPU
		{87979592-BBBC-41FF-B3EC-63FB46C8BA0F}.Release|Any CPU.Build.0 = Release|Any CPU
		{29723BE8-7793-4530-8805-E42262B7BECD}.Debug|Any CPU.ActiveCfg = Debug|Any CPU
		{29723BE8-7793-4530-8805-E42262B7BECD}.Debug|Any CPU.Build.0 = Debug|Any CPU
		{29723BE8-7793-4530-8805-E42262B7BECD}.Release|Any CPU.ActiveCfg = Release|Any CPU
		{29723BE8-7793-4530-8805-E42262B7BECD}.Release|Any CPU.Build.0 = Release|Any CPU
		{1CE1CC1A-DC06-4EB2-B8E2-276BEFB889A3}.Debug|Any CPU.ActiveCfg = Debug|Any CPU
		{1CE1CC1A-DC06-4EB2-B8E2-276BEFB889A3}.Debug|Any CPU.Build.0 = Debug|Any CPU
		{1CE1CC1A-DC06-4EB2-B8E2-276BEFB889A3}.Release|Any CPU.ActiveCfg = Release|Any CPU
		{1CE1CC1A-DC06-4EB2-B8E2-276BEFB889A3}.Release|Any CPU.Build.0 = Release|Any CPU
		{78145CB8-87F7-4A3B-90FD-715FED900219}.Debug|Any CPU.ActiveCfg = Debug|Any CPU
		{78145CB8-87F7-4A3B-90FD-715FED900219}.Debug|Any CPU.Build.0 = Debug|Any CPU
		{78145CB8-87F7-4A3B-90FD-715FED900219}.Release|Any CPU.ActiveCfg = Release|Any CPU
		{78145CB8-87F7-4A3B-90FD-715FED900219}.Release|Any CPU.Build.0 = Release|Any CPU
		{428BA95E-3454-4DA7-A512-227AFE0DFAC8}.Debug|Any CPU.ActiveCfg = Debug|Any CPU
		{428BA95E-3454-4DA7-A512-227AFE0DFAC8}.Debug|Any CPU.Build.0 = Debug|Any CPU
		{428BA95E-3454-4DA7-A512-227AFE0DFAC8}.Release|Any CPU.ActiveCfg = Release|Any CPU
		{428BA95E-3454-4DA7-A512-227AFE0DFAC8}.Release|Any CPU.Build.0 = Release|Any CPU
		{0D0678D9-8D0C-4255-ACC8-2EC4AB71D221}.Debug|Any CPU.ActiveCfg = Debug|Any CPU
		{0D0678D9-8D0C-4255-ACC8-2EC4AB71D221}.Debug|Any CPU.Build.0 = Debug|Any CPU
		{0D0678D9-8D0C-4255-ACC8-2EC4AB71D221}.Release|Any CPU.ActiveCfg = Release|Any CPU
		{0D0678D9-8D0C-4255-ACC8-2EC4AB71D221}.Release|Any CPU.Build.0 = Release|Any CPU
		{EFEE4BCC-678D-4B74-91C2-4D8D47A1CBFD}.Debug|Any CPU.ActiveCfg = Debug|Any CPU
		{EFEE4BCC-678D-4B74-91C2-4D8D47A1CBFD}.Debug|Any CPU.Build.0 = Debug|Any CPU
		{EFEE4BCC-678D-4B74-91C2-4D8D47A1CBFD}.Release|Any CPU.ActiveCfg = Release|Any CPU
		{EFEE4BCC-678D-4B74-91C2-4D8D47A1CBFD}.Release|Any CPU.Build.0 = Release|Any CPU
		{9C39C086-59FE-4C21-904D-481EE16C574E}.Debug|Any CPU.ActiveCfg = Debug|Any CPU
		{9C39C086-59FE-4C21-904D-481EE16C574E}.Debug|Any CPU.Build.0 = Debug|Any CPU
		{9C39C086-59FE-4C21-904D-481EE16C574E}.Release|Any CPU.ActiveCfg = Release|Any CPU
		{9C39C086-59FE-4C21-904D-481EE16C574E}.Release|Any CPU.Build.0 = Release|Any CPU
		{11389E85-A59E-47AB-B505-2C4D13FA116D}.Debug|Any CPU.ActiveCfg = Debug|Any CPU
		{11389E85-A59E-47AB-B505-2C4D13FA116D}.Debug|Any CPU.Build.0 = Debug|Any CPU
		{11389E85-A59E-47AB-B505-2C4D13FA116D}.Release|Any CPU.ActiveCfg = Release|Any CPU
		{11389E85-A59E-47AB-B505-2C4D13FA116D}.Release|Any CPU.Build.0 = Release|Any CPU
		{3105BDB6-3A86-42AE-A423-084C2EF4942F}.Debug|Any CPU.ActiveCfg = Debug|Any CPU
		{3105BDB6-3A86-42AE-A423-084C2EF4942F}.Debug|Any CPU.Build.0 = Debug|Any CPU
		{3105BDB6-3A86-42AE-A423-084C2EF4942F}.Release|Any CPU.ActiveCfg = Release|Any CPU
		{3105BDB6-3A86-42AE-A423-084C2EF4942F}.Release|Any CPU.Build.0 = Release|Any CPU
		{752803D8-3CE0-43DB-A27D-99D07624180C}.Debug|Any CPU.ActiveCfg = Debug|Any CPU
		{752803D8-3CE0-43DB-A27D-99D07624180C}.Debug|Any CPU.Build.0 = Debug|Any CPU
		{752803D8-3CE0-43DB-A27D-99D07624180C}.Release|Any CPU.ActiveCfg = Release|Any CPU
		{752803D8-3CE0-43DB-A27D-99D07624180C}.Release|Any CPU.Build.0 = Release|Any CPU
		{070C9404-6692-414D-BC1C-AE73003E4215}.Debug|Any CPU.ActiveCfg = Debug|Any CPU
		{070C9404-6692-414D-BC1C-AE73003E4215}.Debug|Any CPU.Build.0 = Debug|Any CPU
		{070C9404-6692-414D-BC1C-AE73003E4215}.Release|Any CPU.ActiveCfg = Release|Any CPU
		{070C9404-6692-414D-BC1C-AE73003E4215}.Release|Any CPU.Build.0 = Release|Any CPU
		{B8BE683C-02FE-46DA-9BEF-1422A596B852}.Debug|Any CPU.ActiveCfg = Debug|Any CPU
		{B8BE683C-02FE-46DA-9BEF-1422A596B852}.Debug|Any CPU.Build.0 = Debug|Any CPU
		{B8BE683C-02FE-46DA-9BEF-1422A596B852}.Release|Any CPU.ActiveCfg = Release|Any CPU
		{B8BE683C-02FE-46DA-9BEF-1422A596B852}.Release|Any CPU.Build.0 = Release|Any CPU
		{40A4A53C-0DA8-4F7F-BDFE-14026F662B99}.Debug|Any CPU.ActiveCfg = Debug|Any CPU
		{40A4A53C-0DA8-4F7F-BDFE-14026F662B99}.Debug|Any CPU.Build.0 = Debug|Any CPU
		{40A4A53C-0DA8-4F7F-BDFE-14026F662B99}.Release|Any CPU.ActiveCfg = Release|Any CPU
		{40A4A53C-0DA8-4F7F-BDFE-14026F662B99}.Release|Any CPU.Build.0 = Release|Any CPU
		{9CD118B4-1D39-4A14-8969-FB5E63E6FC86}.Debug|Any CPU.ActiveCfg = Debug|Any CPU
		{9CD118B4-1D39-4A14-8969-FB5E63E6FC86}.Debug|Any CPU.Build.0 = Debug|Any CPU
		{9CD118B4-1D39-4A14-8969-FB5E63E6FC86}.Release|Any CPU.ActiveCfg = Release|Any CPU
		{9CD118B4-1D39-4A14-8969-FB5E63E6FC86}.Release|Any CPU.Build.0 = Release|Any CPU
		{0D2ACE83-8BDD-4928-B8B9-44317E5E9D43}.Debug|Any CPU.ActiveCfg = Debug|Any CPU
		{0D2ACE83-8BDD-4928-B8B9-44317E5E9D43}.Debug|Any CPU.Build.0 = Debug|Any CPU
		{0D2ACE83-8BDD-4928-B8B9-44317E5E9D43}.Release|Any CPU.ActiveCfg = Release|Any CPU
		{0D2ACE83-8BDD-4928-B8B9-44317E5E9D43}.Release|Any CPU.Build.0 = Release|Any CPU
		{68633F8F-C78C-43E8-8720-A754AF01D497}.Debug|Any CPU.ActiveCfg = Debug|Any CPU
		{68633F8F-C78C-43E8-8720-A754AF01D497}.Debug|Any CPU.Build.0 = Debug|Any CPU
		{68633F8F-C78C-43E8-8720-A754AF01D497}.Release|Any CPU.ActiveCfg = Release|Any CPU
		{68633F8F-C78C-43E8-8720-A754AF01D497}.Release|Any CPU.Build.0 = Release|Any CPU
		{EFDE2F5C-234E-4EFC-8BD9-0E97B757C73E}.Debug|Any CPU.ActiveCfg = Debug|Any CPU
		{EFDE2F5C-234E-4EFC-8BD9-0E97B757C73E}.Debug|Any CPU.Build.0 = Debug|Any CPU
		{EFDE2F5C-234E-4EFC-8BD9-0E97B757C73E}.Release|Any CPU.ActiveCfg = Release|Any CPU
		{EFDE2F5C-234E-4EFC-8BD9-0E97B757C73E}.Release|Any CPU.Build.0 = Release|Any CPU
		{49991327-ACC1-49E0-A7EA-3A8C510E53C3}.Debug|Any CPU.ActiveCfg = Debug|Any CPU
		{49991327-ACC1-49E0-A7EA-3A8C510E53C3}.Debug|Any CPU.Build.0 = Debug|Any CPU
		{49991327-ACC1-49E0-A7EA-3A8C510E53C3}.Release|Any CPU.ActiveCfg = Release|Any CPU
		{49991327-ACC1-49E0-A7EA-3A8C510E53C3}.Release|Any CPU.Build.0 = Release|Any CPU
		{67E8EE48-5998-48D6-8BDF-5EDA721113F4}.Debug|Any CPU.ActiveCfg = Debug|Any CPU
		{67E8EE48-5998-48D6-8BDF-5EDA721113F4}.Debug|Any CPU.Build.0 = Debug|Any CPU
		{67E8EE48-5998-48D6-8BDF-5EDA721113F4}.Release|Any CPU.ActiveCfg = Release|Any CPU
		{67E8EE48-5998-48D6-8BDF-5EDA721113F4}.Release|Any CPU.Build.0 = Release|Any CPU
		{67A92D3D-C9A1-4DA5-9A42-16D2BD3AFB9D}.Debug|Any CPU.ActiveCfg = Debug|Any CPU
		{67A92D3D-C9A1-4DA5-9A42-16D2BD3AFB9D}.Debug|Any CPU.Build.0 = Debug|Any CPU
		{67A92D3D-C9A1-4DA5-9A42-16D2BD3AFB9D}.Release|Any CPU.ActiveCfg = Release|Any CPU
		{67A92D3D-C9A1-4DA5-9A42-16D2BD3AFB9D}.Release|Any CPU.Build.0 = Release|Any CPU
		{B1AF07E0-2FF4-4B4A-ADC5-6BEB77076350}.Debug|Any CPU.ActiveCfg = Debug|Any CPU
		{B1AF07E0-2FF4-4B4A-ADC5-6BEB77076350}.Debug|Any CPU.Build.0 = Debug|Any CPU
		{B1AF07E0-2FF4-4B4A-ADC5-6BEB77076350}.Release|Any CPU.ActiveCfg = Release|Any CPU
		{B1AF07E0-2FF4-4B4A-ADC5-6BEB77076350}.Release|Any CPU.Build.0 = Release|Any CPU
		{39BC95B5-92DB-4ABC-9F6C-15DB26DF92FE}.Debug|Any CPU.ActiveCfg = Debug|Any CPU
		{39BC95B5-92DB-4ABC-9F6C-15DB26DF92FE}.Debug|Any CPU.Build.0 = Debug|Any CPU
		{39BC95B5-92DB-4ABC-9F6C-15DB26DF92FE}.Release|Any CPU.ActiveCfg = Release|Any CPU
		{39BC95B5-92DB-4ABC-9F6C-15DB26DF92FE}.Release|Any CPU.Build.0 = Release|Any CPU
		{2FA7FB30-387F-4A48-ABB0-1800C4A86371}.Debug|Any CPU.ActiveCfg = Debug|Any CPU
		{2FA7FB30-387F-4A48-ABB0-1800C4A86371}.Debug|Any CPU.Build.0 = Debug|Any CPU
		{2FA7FB30-387F-4A48-ABB0-1800C4A86371}.Release|Any CPU.ActiveCfg = Release|Any CPU
		{2FA7FB30-387F-4A48-ABB0-1800C4A86371}.Release|Any CPU.Build.0 = Release|Any CPU
		{FEF92B36-69D8-4932-ACCA-BB9E1358063B}.Debug|Any CPU.ActiveCfg = Debug|Any CPU
		{FEF92B36-69D8-4932-ACCA-BB9E1358063B}.Debug|Any CPU.Build.0 = Debug|Any CPU
		{FEF92B36-69D8-4932-ACCA-BB9E1358063B}.Release|Any CPU.ActiveCfg = Release|Any CPU
		{FEF92B36-69D8-4932-ACCA-BB9E1358063B}.Release|Any CPU.Build.0 = Release|Any CPU
		{62F8EA39-4EED-4B4C-9FEA-D97446F59576}.Debug|Any CPU.ActiveCfg = Debug|Any CPU
		{62F8EA39-4EED-4B4C-9FEA-D97446F59576}.Debug|Any CPU.Build.0 = Debug|Any CPU
		{62F8EA39-4EED-4B4C-9FEA-D97446F59576}.Release|Any CPU.ActiveCfg = Release|Any CPU
		{62F8EA39-4EED-4B4C-9FEA-D97446F59576}.Release|Any CPU.Build.0 = Release|Any CPU
		{CC1A49E0-2E1B-4AE9-8DF7-B539237ADA9D}.Debug|Any CPU.ActiveCfg = Debug|Any CPU
		{CC1A49E0-2E1B-4AE9-8DF7-B539237ADA9D}.Debug|Any CPU.Build.0 = Debug|Any CPU
		{CC1A49E0-2E1B-4AE9-8DF7-B539237ADA9D}.Release|Any CPU.ActiveCfg = Release|Any CPU
		{CC1A49E0-2E1B-4AE9-8DF7-B539237ADA9D}.Release|Any CPU.Build.0 = Release|Any CPU
		{57AE9448-7C0F-48E7-AE98-97B11043043A}.Debug|Any CPU.ActiveCfg = Debug|Any CPU
		{57AE9448-7C0F-48E7-AE98-97B11043043A}.Debug|Any CPU.Build.0 = Debug|Any CPU
		{57AE9448-7C0F-48E7-AE98-97B11043043A}.Release|Any CPU.ActiveCfg = Release|Any CPU
		{57AE9448-7C0F-48E7-AE98-97B11043043A}.Release|Any CPU.Build.0 = Release|Any CPU
		{EE7EB58E-A9BB-46BB-9F79-2AFB9B3961C6}.Debug|Any CPU.ActiveCfg = Debug|Any CPU
		{EE7EB58E-A9BB-46BB-9F79-2AFB9B3961C6}.Debug|Any CPU.Build.0 = Debug|Any CPU
		{EE7EB58E-A9BB-46BB-9F79-2AFB9B3961C6}.Release|Any CPU.ActiveCfg = Release|Any CPU
		{EE7EB58E-A9BB-46BB-9F79-2AFB9B3961C6}.Release|Any CPU.Build.0 = Release|Any CPU
		{7E163CC7-3CF8-4BE0-987C-E02EA028D94B}.Debug|Any CPU.ActiveCfg = Debug|Any CPU
		{7E163CC7-3CF8-4BE0-987C-E02EA028D94B}.Debug|Any CPU.Build.0 = Debug|Any CPU
		{7E163CC7-3CF8-4BE0-987C-E02EA028D94B}.Release|Any CPU.ActiveCfg = Release|Any CPU
		{7E163CC7-3CF8-4BE0-987C-E02EA028D94B}.Release|Any CPU.Build.0 = Release|Any CPU
		{94258AA0-84D1-4DC0-A986-242C536263F8}.Debug|Any CPU.ActiveCfg = Debug|Any CPU
		{94258AA0-84D1-4DC0-A986-242C536263F8}.Debug|Any CPU.Build.0 = Debug|Any CPU
		{94258AA0-84D1-4DC0-A986-242C536263F8}.Release|Any CPU.ActiveCfg = Release|Any CPU
		{94258AA0-84D1-4DC0-A986-242C536263F8}.Release|Any CPU.Build.0 = Release|Any CPU
		{74EF6D5F-18A3-4031-8061-71C3DCDCC9B6}.Debug|Any CPU.ActiveCfg = Debug|Any CPU
		{74EF6D5F-18A3-4031-8061-71C3DCDCC9B6}.Debug|Any CPU.Build.0 = Debug|Any CPU
		{74EF6D5F-18A3-4031-8061-71C3DCDCC9B6}.Release|Any CPU.ActiveCfg = Release|Any CPU
		{74EF6D5F-18A3-4031-8061-71C3DCDCC9B6}.Release|Any CPU.Build.0 = Release|Any CPU
		{21E6E239-D0C1-4A8B-A1B1-5C5B7F648FC1}.Debug|Any CPU.ActiveCfg = Debug|Any CPU
		{21E6E239-D0C1-4A8B-A1B1-5C5B7F648FC1}.Debug|Any CPU.Build.0 = Debug|Any CPU
		{21E6E239-D0C1-4A8B-A1B1-5C5B7F648FC1}.Release|Any CPU.ActiveCfg = Release|Any CPU
		{21E6E239-D0C1-4A8B-A1B1-5C5B7F648FC1}.Release|Any CPU.Build.0 = Release|Any CPU
		{DAA497B7-F3FD-4A68-9DDD-293DFC11F37A}.Debug|Any CPU.ActiveCfg = Debug|Any CPU
		{DAA497B7-F3FD-4A68-9DDD-293DFC11F37A}.Debug|Any CPU.Build.0 = Debug|Any CPU
		{DAA497B7-F3FD-4A68-9DDD-293DFC11F37A}.Release|Any CPU.ActiveCfg = Release|Any CPU
		{DAA497B7-F3FD-4A68-9DDD-293DFC11F37A}.Release|Any CPU.Build.0 = Release|Any CPU
		{04BF33C0-3FB7-4DDE-BF5B-E69165681289}.Debug|Any CPU.ActiveCfg = Debug|Any CPU
		{04BF33C0-3FB7-4DDE-BF5B-E69165681289}.Debug|Any CPU.Build.0 = Debug|Any CPU
		{04BF33C0-3FB7-4DDE-BF5B-E69165681289}.Release|Any CPU.ActiveCfg = Release|Any CPU
		{04BF33C0-3FB7-4DDE-BF5B-E69165681289}.Release|Any CPU.Build.0 = Release|Any CPU
		{76F6E072-044B-4041-BC5E-4FA8864849A9}.Debug|Any CPU.ActiveCfg = Debug|Any CPU
		{76F6E072-044B-4041-BC5E-4FA8864849A9}.Debug|Any CPU.Build.0 = Debug|Any CPU
		{76F6E072-044B-4041-BC5E-4FA8864849A9}.Release|Any CPU.ActiveCfg = Release|Any CPU
		{76F6E072-044B-4041-BC5E-4FA8864849A9}.Release|Any CPU.Build.0 = Release|Any CPU
		{F9E1E04C-2C69-46DC-B3FF-A9A54D608567}.Debug|Any CPU.ActiveCfg = Debug|Any CPU
		{F9E1E04C-2C69-46DC-B3FF-A9A54D608567}.Debug|Any CPU.Build.0 = Debug|Any CPU
		{F9E1E04C-2C69-46DC-B3FF-A9A54D608567}.Release|Any CPU.ActiveCfg = Release|Any CPU
		{F9E1E04C-2C69-46DC-B3FF-A9A54D608567}.Release|Any CPU.Build.0 = Release|Any CPU
		{99016B15-204C-480A-A18A-A5EBB5356920}.Debug|Any CPU.ActiveCfg = Debug|Any CPU
		{99016B15-204C-480A-A18A-A5EBB5356920}.Debug|Any CPU.Build.0 = Debug|Any CPU
		{99016B15-204C-480A-A18A-A5EBB5356920}.Release|Any CPU.ActiveCfg = Release|Any CPU
		{99016B15-204C-480A-A18A-A5EBB5356920}.Release|Any CPU.Build.0 = Release|Any CPU
		{D2888985-4144-4343-91A0-041736B7B584}.Debug|Any CPU.ActiveCfg = Debug|Any CPU
		{D2888985-4144-4343-91A0-041736B7B584}.Debug|Any CPU.Build.0 = Debug|Any CPU
		{D2888985-4144-4343-91A0-041736B7B584}.Release|Any CPU.ActiveCfg = Release|Any CPU
		{D2888985-4144-4343-91A0-041736B7B584}.Release|Any CPU.Build.0 = Release|Any CPU
		{1207C776-1AFE-4775-B3E5-1B41B152960C}.Debug|Any CPU.ActiveCfg = Debug|Any CPU
		{1207C776-1AFE-4775-B3E5-1B41B152960C}.Debug|Any CPU.Build.0 = Debug|Any CPU
		{1207C776-1AFE-4775-B3E5-1B41B152960C}.Release|Any CPU.ActiveCfg = Release|Any CPU
		{1207C776-1AFE-4775-B3E5-1B41B152960C}.Release|Any CPU.Build.0 = Release|Any CPU
		{6A120257-3E4F-4A9A-A253-3B380509552E}.Debug|Any CPU.ActiveCfg = Debug|Any CPU
		{6A120257-3E4F-4A9A-A253-3B380509552E}.Debug|Any CPU.Build.0 = Debug|Any CPU
		{6A120257-3E4F-4A9A-A253-3B380509552E}.Release|Any CPU.ActiveCfg = Release|Any CPU
		{6A120257-3E4F-4A9A-A253-3B380509552E}.Release|Any CPU.Build.0 = Release|Any CPU
		{7CBF7C22-030B-46F0-AC29-CE08B21ADB75}.Debug|Any CPU.ActiveCfg = Debug|Any CPU
		{7CBF7C22-030B-46F0-AC29-CE08B21ADB75}.Debug|Any CPU.Build.0 = Debug|Any CPU
		{7CBF7C22-030B-46F0-AC29-CE08B21ADB75}.Release|Any CPU.ActiveCfg = Release|Any CPU
		{7CBF7C22-030B-46F0-AC29-CE08B21ADB75}.Release|Any CPU.Build.0 = Release|Any CPU
		{4E8E4B42-D71F-42EE-AAAB-84338ED9AACB}.Debug|Any CPU.ActiveCfg = Debug|Any CPU
		{4E8E4B42-D71F-42EE-AAAB-84338ED9AACB}.Debug|Any CPU.Build.0 = Debug|Any CPU
		{4E8E4B42-D71F-42EE-AAAB-84338ED9AACB}.Release|Any CPU.ActiveCfg = Release|Any CPU
		{4E8E4B42-D71F-42EE-AAAB-84338ED9AACB}.Release|Any CPU.Build.0 = Release|Any CPU
		{1BA0D0B1-FD1A-4AD1-8413-BDDE67430DF3}.Debug|Any CPU.ActiveCfg = Debug|Any CPU
		{1BA0D0B1-FD1A-4AD1-8413-BDDE67430DF3}.Debug|Any CPU.Build.0 = Debug|Any CPU
		{1BA0D0B1-FD1A-4AD1-8413-BDDE67430DF3}.Release|Any CPU.ActiveCfg = Release|Any CPU
		{1BA0D0B1-FD1A-4AD1-8413-BDDE67430DF3}.Release|Any CPU.Build.0 = Release|Any CPU
		{7745F05A-773B-4150-9021-8ECE145860F4}.Debug|Any CPU.ActiveCfg = Debug|Any CPU
		{7745F05A-773B-4150-9021-8ECE145860F4}.Debug|Any CPU.Build.0 = Debug|Any CPU
		{7745F05A-773B-4150-9021-8ECE145860F4}.Release|Any CPU.ActiveCfg = Release|Any CPU
		{7745F05A-773B-4150-9021-8ECE145860F4}.Release|Any CPU.Build.0 = Release|Any CPU
	EndGlobalSection
	GlobalSection(NestedProjects) = preSolution
		{15FFD5BC-C323-4C7A-94E6-C5FEBAC5F92B} = {1A9768AB-E85A-432D-A160-F53E4CCFC6BD}
		{7F872645-1FDE-4BA7-A08F-072361ECFE21} = {1A9768AB-E85A-432D-A160-F53E4CCFC6BD}
		{952F03F6-AE90-48BF-9ADE-29358C87500A} = {1A9768AB-E85A-432D-A160-F53E4CCFC6BD}
		{95B1D04F-3B32-4F0D-AC68-79CCD1843FF0} = {1A9768AB-E85A-432D-A160-F53E4CCFC6BD}
		{87979592-BBBC-41FF-B3EC-63FB46C8BA0F} = {1A9768AB-E85A-432D-A160-F53E4CCFC6BD}
		{29723BE8-7793-4530-8805-E42262B7BECD} = {1A9768AB-E85A-432D-A160-F53E4CCFC6BD}
		{1CE1CC1A-DC06-4EB2-B8E2-276BEFB889A3} = {BFD3C908-5107-413A-9300-67D3365DC038}
		{78145CB8-87F7-4A3B-90FD-715FED900219} = {BFD3C908-5107-413A-9300-67D3365DC038}
		{428BA95E-3454-4DA7-A512-227AFE0DFAC8} = {BFD3C908-5107-413A-9300-67D3365DC038}
		{0D0678D9-8D0C-4255-ACC8-2EC4AB71D221} = {BFD3C908-5107-413A-9300-67D3365DC038}
		{D0E87B49-636B-4C31-A0AC-E272BFC6C9A0} = {1A9768AB-E85A-432D-A160-F53E4CCFC6BD}
		{EFEE4BCC-678D-4B74-91C2-4D8D47A1CBFD} = {BFD3C908-5107-413A-9300-67D3365DC038}
		{9C39C086-59FE-4C21-904D-481EE16C574E} = {50B78F62-8A7F-49E1-9B10-3778A09ED45A}
		{11389E85-A59E-47AB-B505-2C4D13FA116D} = {50B78F62-8A7F-49E1-9B10-3778A09ED45A}
		{3105BDB6-3A86-42AE-A423-084C2EF4942F} = {50B78F62-8A7F-49E1-9B10-3778A09ED45A}
		{752803D8-3CE0-43DB-A27D-99D07624180C} = {50B78F62-8A7F-49E1-9B10-3778A09ED45A}
		{070C9404-6692-414D-BC1C-AE73003E4215} = {50B78F62-8A7F-49E1-9B10-3778A09ED45A}
		{B8BE683C-02FE-46DA-9BEF-1422A596B852} = {3777B3E0-6C50-4FA2-BA1B-4142437E2C5A}
		{40A4A53C-0DA8-4F7F-BDFE-14026F662B99} = {3777B3E0-6C50-4FA2-BA1B-4142437E2C5A}
		{9CD118B4-1D39-4A14-8969-FB5E63E6FC86} = {3777B3E0-6C50-4FA2-BA1B-4142437E2C5A}
		{0D2ACE83-8BDD-4928-B8B9-44317E5E9D43} = {1A9768AB-E85A-432D-A160-F53E4CCFC6BD}
		{68633F8F-C78C-43E8-8720-A754AF01D497} = {3777B3E0-6C50-4FA2-BA1B-4142437E2C5A}
		{EFDE2F5C-234E-4EFC-8BD9-0E97B757C73E} = {3777B3E0-6C50-4FA2-BA1B-4142437E2C5A}
		{49991327-ACC1-49E0-A7EA-3A8C510E53C3} = {3777B3E0-6C50-4FA2-BA1B-4142437E2C5A}
		{67E8EE48-5998-48D6-8BDF-5EDA721113F4} = {B8EC71D8-DEAD-4382-AE0B-A205149F3F14}
		{67A92D3D-C9A1-4DA5-9A42-16D2BD3AFB9D} = {5DFBFA5A-32BE-418C-ADDF-B8175E1C410E}
		{B1AF07E0-2FF4-4B4A-ADC5-6BEB77076350} = {FCABC0ED-A631-4B48-9001-DAFCC6F81196}
		{39BC95B5-92DB-4ABC-9F6C-15DB26DF92FE} = {FCABC0ED-A631-4B48-9001-DAFCC6F81196}
		{2FA7FB30-387F-4A48-ABB0-1800C4A86371} = {FCABC0ED-A631-4B48-9001-DAFCC6F81196}
		{FEF92B36-69D8-4932-ACCA-BB9E1358063B} = {FCABC0ED-A631-4B48-9001-DAFCC6F81196}
		{62F8EA39-4EED-4B4C-9FEA-D97446F59576} = {B769B924-65D9-4CCD-9CB3-08BF650B8F88}
		{CC1A49E0-2E1B-4AE9-8DF7-B539237ADA9D} = {7DB2FF78-33CE-4E88-BB08-2FC7057CF921}
		{57AE9448-7C0F-48E7-AE98-97B11043043A} = {7DB2FF78-33CE-4E88-BB08-2FC7057CF921}
		{EE7EB58E-A9BB-46BB-9F79-2AFB9B3961C6} = {7DB2FF78-33CE-4E88-BB08-2FC7057CF921}
		{7E163CC7-3CF8-4BE0-987C-E02EA028D94B} = {E4D591B1-9309-40F6-BA76-1233E338235B}
		{94258AA0-84D1-4DC0-A986-242C536263F8} = {E4D591B1-9309-40F6-BA76-1233E338235B}
		{74EF6D5F-18A3-4031-8061-71C3DCDCC9B6} = {E4D591B1-9309-40F6-BA76-1233E338235B}
		{21E6E239-D0C1-4A8B-A1B1-5C5B7F648FC1} = {648F3E85-DDE0-406B-974F-D35F8262640D}
		{DAA497B7-F3FD-4A68-9DDD-293DFC11F37A} = {6142D152-8F42-49F4-B2CF-15D69ED7A0B6}
		{04BF33C0-3FB7-4DDE-BF5B-E69165681289} = {6142D152-8F42-49F4-B2CF-15D69ED7A0B6}
		{76F6E072-044B-4041-BC5E-4FA8864849A9} = {6142D152-8F42-49F4-B2CF-15D69ED7A0B6}
		{F9E1E04C-2C69-46DC-B3FF-A9A54D608567} = {6142D152-8F42-49F4-B2CF-15D69ED7A0B6}
		{99016B15-204C-480A-A18A-A5EBB5356920} = {6142D152-8F42-49F4-B2CF-15D69ED7A0B6}
		{D2888985-4144-4343-91A0-041736B7B584} = {8B31CB9B-9204-4F7D-8945-538015A58BFC}
		{1207C776-1AFE-4775-B3E5-1B41B152960C} = {8B31CB9B-9204-4F7D-8945-538015A58BFC}
		{6A120257-3E4F-4A9A-A253-3B380509552E} = {8B31CB9B-9204-4F7D-8945-538015A58BFC}
		{7CBF7C22-030B-46F0-AC29-CE08B21ADB75} = {850740C1-C98B-4A8C-B428-A5FEDCC043B4}
		{4E8E4B42-D71F-42EE-AAAB-84338ED9AACB} = {850740C1-C98B-4A8C-B428-A5FEDCC043B4}
		{7745F05A-773B-4150-9021-8ECE145860F4} = {850740C1-C98B-4A8C-B428-A5FEDCC043B4}
	EndGlobalSection
EndGlobal
