
Microsoft Visual Studio Solution File, Format Version 12.00
Project("{2150E333-8FDC-42A3-9474-1A3956D46DE8}") = "day1", "day1", "{1A9768AB-E85A-432D-A160-F53E4CCFC6BD}"
EndProject
Project("{FAE04EC0-301F-11D3-BF4B-00C04F79EFBC}") = "Arrays", "Arrays\Arrays.csproj", "{15FFD5BC-C323-4C7A-94E6-C5FEBAC5F92B}"
EndProject
Project("{FAE04EC0-301F-11D3-BF4B-00C04F79EFBC}") = "PatterOne", "PatterOne\PatterOne.csproj", "{7F872645-1FDE-4BA7-A08F-072361ECFE21}"
EndProject
Project("{FAE04EC0-301F-11D3-BF4B-00C04F79EFBC}") = "PatterTwo", "PatterTwo\PatterTwo.csproj", "{D0E87B49-636B-4C31-A0AC-E272BFC6C9A0}"
EndProject
Project("{FAE04EC0-301F-11D3-BF4B-00C04F79EFBC}") = "PatterThree", "PatterThree\PatterThree.csproj", "{952F03F6-AE90-48BF-9ADE-29358C87500A}"
EndProject
Project("{FAE04EC0-301F-11D3-BF4B-00C04F79EFBC}") = "PatterFour", "PatterFour\PatterFour.csproj", "{95B1D04F-3B32-4F0D-AC68-79CCD1843FF0}"
EndProject
Project("{FAE04EC0-301F-11D3-BF4B-00C04F79EFBC}") = "PatternFive", "PatternFive\PatternFive.csproj", "{87979592-BBBC-41FF-B3EC-63FB46C8BA0F}"
EndProject
Project("{FAE04EC0-301F-11D3-BF4B-00C04F79EFBC}") = "PatterSix", "PatterSix\PatterSix.csproj", "{29723BE8-7793-4530-8805-E42262B7BECD}"
EndProject
Global
	GlobalSection(SolutionConfigurationPlatforms) = preSolution
		Debug|Any CPU = Debug|Any CPU
		Release|Any CPU = Release|Any CPU
	EndGlobalSection
	GlobalSection(ProjectConfigurationPlatforms) = postSolution
		{15FFD5BC-C323-4C7A-94E6-C5FEBAC5F92B}.Debug|Any CPU.ActiveCfg = Debug|Any CPU
		{15FFD5BC-C323-4C7A-94E6-C5FEBAC5F92B}.Debug|Any CPU.Build.0 = Debug|Any CPU
		{15FFD5BC-C323-4C7A-94E6-C5FEBAC5F92B}.Release|Any CPU.ActiveCfg = Release|Any CPU
		{15FFD5BC-C323-4C7A-94E6-C5FEBAC5F92B}.Release|Any CPU.Build.0 = Release|Any CPU
		{7F872645-1FDE-4BA7-A08F-072361ECFE21}.Debug|Any CPU.ActiveCfg = Debug|Any CPU
		{7F872645-1FDE-4BA7-A08F-072361ECFE21}.Debug|Any CPU.Build.0 = Debug|Any CPU
		{7F872645-1FDE-4BA7-A08F-072361ECFE21}.Release|Any CPU.ActiveCfg = Release|Any CPU
		{7F872645-1FDE-4BA7-A08F-072361ECFE21}.Release|Any CPU.Build.0 = Release|Any CPU
		{D0E87B49-636B-4C31-A0AC-E272BFC6C9A0}.Debug|Any CPU.ActiveCfg = Debug|Any CPU
		{D0E87B49-636B-4C31-A0AC-E272BFC6C9A0}.Debug|Any CPU.Build.0 = Debug|Any CPU
		{D0E87B49-636B-4C31-A0AC-E272BFC6C9A0}.Release|Any CPU.ActiveCfg = Release|Any CPU
		{D0E87B49-636B-4C31-A0AC-E272BFC6C9A0}.Release|Any CPU.Build.0 = Release|Any CPU
		{952F03F6-AE90-48BF-9ADE-29358C87500A}.Debug|Any CPU.ActiveCfg = Debug|Any CPU
		{952F03F6-AE90-48BF-9ADE-29358C87500A}.Debug|Any CPU.Build.0 = Debug|Any CPU
		{952F03F6-AE90-48BF-9ADE-29358C87500A}.Release|Any CPU.ActiveCfg = Release|Any CPU
		{952F03F6-AE90-48BF-9ADE-29358C87500A}.Release|Any CPU.Build.0 = Release|Any CPU
		{95B1D04F-3B32-4F0D-AC68-79CCD1843FF0}.Debug|Any CPU.ActiveCfg = Debug|Any CPU
		{95B1D04F-3B32-4F0D-AC68-79CCD1843FF0}.Debug|Any CPU.Build.0 = Debug|Any CPU
		{95B1D04F-3B32-4F0D-AC68-79CCD1843FF0}.Release|Any CPU.ActiveCfg = Release|Any CPU
		{95B1D04F-3B32-4F0D-AC68-79CCD1843FF0}.Release|Any CPU.Build.0 = Release|Any CPU
		{87979592-BBBC-41FF-B3EC-63FB46C8BA0F}.Debug|Any CPU.ActiveCfg = Debug|Any CPU
		{87979592-BBBC-41FF-B3EC-63FB46C8BA0F}.Debug|Any CPU.Build.0 = Debug|Any CPU
		{87979592-BBBC-41FF-B3EC-63FB46C8BA0F}.Release|Any CPU.ActiveCfg = Release|Any CPU
		{87979592-BBBC-41FF-B3EC-63FB46C8BA0F}.Release|Any CPU.Build.0 = Release|Any CPU
		{29723BE8-7793-4530-8805-E42262B7BECD}.Debug|Any CPU.ActiveCfg = Debug|Any CPU
		{29723BE8-7793-4530-8805-E42262B7BECD}.Debug|Any CPU.Build.0 = Debug|Any CPU
		{29723BE8-7793-4530-8805-E42262B7BECD}.Release|Any CPU.ActiveCfg = Release|Any CPU
		{29723BE8-7793-4530-8805-E42262B7BECD}.Release|Any CPU.Build.0 = Release|Any CPU
	EndGlobalSection
	GlobalSection(NestedProjects) = preSolution
		{15FFD5BC-C323-4C7A-94E6-C5FEBAC5F92B} = {1A9768AB-E85A-432D-A160-F53E4CCFC6BD}
		{7F872645-1FDE-4BA7-A08F-072361ECFE21} = {1A9768AB-E85A-432D-A160-F53E4CCFC6BD}
		{952F03F6-AE90-48BF-9ADE-29358C87500A} = {1A9768AB-E85A-432D-A160-F53E4CCFC6BD}
		{95B1D04F-3B32-4F0D-AC68-79CCD1843FF0} = {1A9768AB-E85A-432D-A160-F53E4CCFC6BD}
		{87979592-BBBC-41FF-B3EC-63FB46C8BA0F} = {1A9768AB-E85A-432D-A160-F53E4CCFC6BD}
		{29723BE8-7793-4530-8805-E42262B7BECD} = {1A9768AB-E85A-432D-A160-F53E4CCFC6BD}
	EndGlobalSection
EndGlobal
